
Microsoft Visual Studio Solution File, Format Version 12.00
# Visual Studio Version 17
VisualStudioVersion = 17.6.33626.354
MinimumVisualStudioVersion = 10.0.40219.1
Project("{9A19103F-16F7-4668-BE54-9A1E7A4F7556}") = "TestProject1", "TestProject1\TestProject1.csproj", "{75758B20-4BDC-48F3-BEF0-61EEFFA05131}"
EndProject
Project("{FAE04EC0-301F-11D3-BF4B-00C04F79EFBC}") = "Calculatorclass", "Calculatorclass\Calculatorclass.csproj", "{D5A61B20-D48E-4FCD-9513-E76098B2AC6B}"
EndProject
Project("{FAE04EC0-301F-11D3-BF4B-00C04F79EFBC}") = "CalculatorApi", "CalculatorApi\CalculatorApi.csproj", "{5AA80213-2432-4B0C-9218-65C9BF68B09D}"
EndProject
Global
	GlobalSection(SolutionConfigurationPlatforms) = preSolution
		Debug|Any CPU = Debug|Any CPU
		Release|Any CPU = Release|Any CPU
	EndGlobalSection
	GlobalSection(ProjectConfigurationPlatforms) = postSolution
		{75758B20-4BDC-48F3-BEF0-61EEFFA05131}.Debug|Any CPU.ActiveCfg = Debug|Any CPU
		{75758B20-4BDC-48F3-BEF0-61EEFFA05131}.Debug|Any CPU.Build.0 = Debug|Any CPU
		{75758B20-4BDC-48F3-BEF0-61EEFFA05131}.Release|Any CPU.ActiveCfg = Release|Any CPU
		{75758B20-4BDC-48F3-BEF0-61EEFFA05131}.Release|Any CPU.Build.0 = Release|Any CPU
		{D5A61B20-D48E-4FCD-9513-E76098B2AC6B}.Debug|Any CPU.ActiveCfg = Debug|Any CPU
		{D5A61B20-D48E-4FCD-9513-E76098B2AC6B}.Debug|Any CPU.Build.0 = Debug|Any CPU
		{D5A61B20-D48E-4FCD-9513-E76098B2AC6B}.Release|Any CPU.ActiveCfg = Release|Any CPU
		{D5A61B20-D48E-4FCD-9513-E76098B2AC6B}.Release|Any CPU.Build.0 = Release|Any CPU
		{5AA80213-2432-4B0C-9218-65C9BF68B09D}.Debug|Any CPU.ActiveCfg = Debug|Any CPU
		{5AA80213-2432-4B0C-9218-65C9BF68B09D}.Debug|Any CPU.Build.0 = Debug|Any CPU
		{5AA80213-2432-4B0C-9218-65C9BF68B09D}.Release|Any CPU.ActiveCfg = Release|Any CPU
		{5AA80213-2432-4B0C-9218-65C9BF68B09D}.Release|Any CPU.Build.0 = Release|Any CPU
	EndGlobalSection
	GlobalSection(SolutionProperties) = preSolution
		HideSolutionNode = FALSE
	EndGlobalSection
	GlobalSection(ExtensibilityGlobals) = postSolution
		SolutionGuid = {903D27C3-FF9B-4597-8E3A-120187E6F1A8}
	EndGlobalSection
EndGlobal
